
Microsoft Visual Studio Solution File, Format Version 12.00
# Visual Studio Version 17
VisualStudioVersion = 17.8.34330.188
MinimumVisualStudioVersion = 10.0.40219.1
Project("{8BC9CEB8-8B4A-11D0-8D11-00A0C91BC942}") = "Course3_Exam", "Course3_Exam\Course3_Exam.vcxproj", "{9BB1F1FC-CEE4-4C72-95B9-C397EDE52729}"
EndProject
Global
	GlobalSection(SolutionConfigurationPlatforms) = preSolution
		Debug|x64 = Debug|x64
		Debug|x86 = Debug|x86
		Release|x64 = Release|x64
		Release|x86 = Release|x86
	EndGlobalSection
	GlobalSection(ProjectConfigurationPlatforms) = postSolution
		{9BB1F1FC-CEE4-4C72-95B9-C397EDE52729}.Debug|x64.ActiveCfg = Debug|x64
		{9BB1F1FC-CEE4-4C72-95B9-C397EDE52729}.Debug|x64.Build.0 = Debug|x64
		{9BB1F1FC-CEE4-4C72-95B9-C397EDE52729}.Debug|x86.ActiveCfg = Debug|Win32
		{9BB1F1FC-CEE4-4C72-95B9-C397EDE52729}.Debug|x86.Build.0 = Debug|Win32
		{9BB1F1FC-CEE4-4C72-95B9-C397EDE52729}.Release|x64.ActiveCfg = Release|x64
		{9BB1F1FC-CEE4-4C72-95B9-C397EDE52729}.Release|x64.Build.0 = Release|x64
		{9BB1F1FC-CEE4-4C72-95B9-C397EDE52729}.Release|x86.ActiveCfg = Release|Win32
		{9BB1F1FC-CEE4-4C72-95B9-C397EDE52729}.Release|x86.Build.0 = Release|Win32
	EndGlobalSection
	GlobalSection(SolutionProperties) = preSolution
		HideSolutionNode = FALSE
	EndGlobalSection
	GlobalSection(ExtensibilityGlobals) = postSolution
		SolutionGuid = {141584A2-8701-425B-A7A2-3AF6F5661F51}
	EndGlobalSection
EndGlobal
